{
  "requires": true,
  "lockfileVersion": 1,
  "dependencies": {
    "ngx-progressbar": {
      "version": "6.0.2",
      "resolved": "https://registry.npmjs.org/ngx-progressbar/-/ngx-progressbar-6.0.2.tgz",
      "integrity": "sha512-zcmAHd/I5DTtFxNI2cXcO7RKlmW3mjWSGBF2z+lOKyA0SLX2aCTap0VmRs9bW0aclHpKcZ5fmWgbA2DvpMYLDQ=="
    }
  }
}
